
Microsoft Visual Studio Solution File, Format Version 12.00
# Visual Studio Version 16
VisualStudioVersion = 16.0.31424.327
MinimumVisualStudioVersion = 10.0.40219.1
Project("{FAE04EC0-301F-11D3-BF4B-00C04F79EFBC}") = "AsignacionSistCuenta3009", "AsignacionSistCuenta3009\AsignacionSistCuenta3009.csproj", "{76104DF2-2D4D-409B-BDED-65B9EE3EF3E1}"
EndProject
Global
	GlobalSection(SolutionConfigurationPlatforms) = preSolution
		Debug|Any CPU = Debug|Any CPU
		Release|Any CPU = Release|Any CPU
	EndGlobalSection
	GlobalSection(ProjectConfigurationPlatforms) = postSolution
		{76104DF2-2D4D-409B-BDED-65B9EE3EF3E1}.Debug|Any CPU.ActiveCfg = Debug|Any CPU
		{76104DF2-2D4D-409B-BDED-65B9EE3EF3E1}.Debug|Any CPU.Build.0 = Debug|Any CPU
		{76104DF2-2D4D-409B-BDED-65B9EE3EF3E1}.Release|Any CPU.ActiveCfg = Release|Any CPU
		{76104DF2-2D4D-409B-BDED-65B9EE3EF3E1}.Release|Any CPU.Build.0 = Release|Any CPU
	EndGlobalSection
	GlobalSection(SolutionProperties) = preSolution
		HideSolutionNode = FALSE
	EndGlobalSection
	GlobalSection(ExtensibilityGlobals) = postSolution
		SolutionGuid = {25581016-E42F-4E0A-A64E-B702FDD78C7E}
	EndGlobalSection
EndGlobal
